// !$*UTF8*$!
{
	archiveVersion = 1;
	classes = {
	};
	objectVersion = 50;
	objects = {

/* Begin PBXBuildFile section */
		04273DD420F3111F00B70A81 /* AppDelegate.swift in Sources */ = {isa = PBXBuildFile; fileRef = 04273DD320F3111F00B70A81 /* AppDelegate.swift */; };
		04273DD620F3111F00B70A81 /* ViewController.swift in Sources */ = {isa = PBXBuildFile; fileRef = 04273DD520F3111F00B70A81 /* ViewController.swift */; };
		04273DD920F3111F00B70A81 /* Main.storyboard in Resources */ = {isa = PBXBuildFile; fileRef = 04273DD720F3111F00B70A81 /* Main.storyboard */; };
		04273DDB20F3112500B70A81 /* Assets.xcassets in Resources */ = {isa = PBXBuildFile; fileRef = 04273DDA20F3112500B70A81 /* Assets.xcassets */; };
		04273DDE20F3112500B70A81 /* LaunchScreen.storyboard in Resources */ = {isa = PBXBuildFile; fileRef = 04273DDC20F3112500B70A81 /* LaunchScreen.storyboard */; };
		04273DE920F3112500B70A81 /* SwiftModelDemoTests.swift in Sources */ = {isa = PBXBuildFile; fileRef = 04273DE820F3112500B70A81 /* SwiftModelDemoTests.swift */; };
		04273DF420F3112500B70A81 /* SwiftModelDemoUITests.swift in Sources */ = {isa = PBXBuildFile; fileRef = 04273DF320F3112500B70A81 /* SwiftModelDemoUITests.swift */; };
		04273E0420F3126600B70A81 /* ModelViewController.swift in Sources */ = {isa = PBXBuildFile; fileRef = 04273E0220F3126600B70A81 /* ModelViewController.swift */; };
		04273E0520F3126600B70A81 /* ModelViewController.xib in Resources */ = {isa = PBXBuildFile; fileRef = 04273E0320F3126600B70A81 /* ModelViewController.xib */; };
		04273E0720F3135900B70A81 /* Swift_SingleModel.plist in Resources */ = {isa = PBXBuildFile; fileRef = 04273E0620F3135900B70A81 /* Swift_SingleModel.plist */; };
		04273E0920F3137F00B70A81 /* Swift_ComplexModel.plist in Resources */ = {isa = PBXBuildFile; fileRef = 04273E0820F3137F00B70A81 /* Swift_ComplexModel.plist */; };
		04273E1420F336E900B70A81 /* Swift_SingleModelOne.swift in Sources */ = {isa = PBXBuildFile; fileRef = 04273E1320F336E900B70A81 /* Swift_SingleModelOne.swift */; };
		04273E1C20F3410400B70A81 /* Swift_ComplexModelOne.swift in Sources */ = {isa = PBXBuildFile; fileRef = 04273E1B20F3410400B70A81 /* Swift_ComplexModelOne.swift */; };
		04273E1E20F3410E00B70A81 /* Swift_ComplexModelTwo.swift in Sources */ = {isa = PBXBuildFile; fileRef = 04273E1D20F3410E00B70A81 /* Swift_ComplexModelTwo.swift */; };
		04273E2220F341AD00B70A81 /* Swift_PageInfoModel.swift in Sources */ = {isa = PBXBuildFile; fileRef = 04273E2120F341AD00B70A81 /* Swift_PageInfoModel.swift */; };
		04273E2420F3427B00B70A81 /* Swift_ComplexModel.swift in Sources */ = {isa = PBXBuildFile; fileRef = 04273E2320F3427B00B70A81 /* Swift_ComplexModel.swift */; };
		04273E2620F34A3F00B70A81 /* Swift_SingleModel.swift in Sources */ = {isa = PBXBuildFile; fileRef = 04273E2520F34A3F00B70A81 /* Swift_SingleModel.swift */; };
		04273E2920F34DA400B70A81 /* ObjectMapper_SingleModel.swift in Sources */ = {isa = PBXBuildFile; fileRef = 04273E2820F34DA400B70A81 /* ObjectMapper_SingleModel.swift */; };
		04273E2B20F34DAE00B70A81 /* ObjectMapper_SingleModelOne.swift in Sources */ = {isa = PBXBuildFile; fileRef = 04273E2A20F34DAE00B70A81 /* ObjectMapper_SingleModelOne.swift */; };
		04273E2D20F3529100B70A81 /* ObjectMapper_ComplexModel.swift in Sources */ = {isa = PBXBuildFile; fileRef = 04273E2C20F3529100B70A81 /* ObjectMapper_ComplexModel.swift */; };
		04273E3020F352B700B70A81 /* ObjectMapper_ComplexModelOne.swift in Sources */ = {isa = PBXBuildFile; fileRef = 04273E2F20F352B700B70A81 /* ObjectMapper_ComplexModelOne.swift */; };
		04273E3220F352BC00B70A81 /* ObjectMapper_ComplexModelTwo.swift in Sources */ = {isa = PBXBuildFile; fileRef = 04273E3120F352BC00B70A81 /* ObjectMapper_ComplexModelTwo.swift */; };
		04273E3420F352D800B70A81 /* ObjectMapper_PageInfoModel.swift in Sources */ = {isa = PBXBuildFile; fileRef = 04273E3320F352D800B70A81 /* ObjectMapper_PageInfoModel.swift */; };
		33832A31D6824430044B0E42 /* Pods_SwiftModelDemoUITests.framework in Frameworks */ = {isa = PBXBuildFile; fileRef = 6C9786BF2DB70EAC5B898A33 /* Pods_SwiftModelDemoUITests.framework */; };
		81F6BFA597BA56EC7E89AFAD /* Pods_SwiftModelDemo.framework in Frameworks */ = {isa = PBXBuildFile; fileRef = 0EBF2CCC6393BD01369EB301 /* Pods_SwiftModelDemo.framework */; };
		E755776CEFFBA68E6D17FC7E /* Pods_SwiftModelDemoTests.framework in Frameworks */ = {isa = PBXBuildFile; fileRef = 977F7D03C5C714F737B438C3 /* Pods_SwiftModelDemoTests.framework */; };
/* End PBXBuildFile section */

/* Begin PBXContainerItemProxy section */
		04273DE520F3112500B70A81 /* PBXContainerItemProxy */ = {
			isa = PBXContainerItemProxy;
			containerPortal = 04273DC820F3111F00B70A81 /* Project object */;
			proxyType = 1;
			remoteGlobalIDString = 04273DCF20F3111F00B70A81;
			remoteInfo = SwiftModelDemo;
		};
		04273DF020F3112500B70A81 /* PBXContainerItemProxy */ = {
			isa = PBXContainerItemProxy;
			containerPortal = 04273DC820F3111F00B70A81 /* Project object */;
			proxyType = 1;
			remoteGlobalIDString = 04273DCF20F3111F00B70A81;
			remoteInfo = SwiftModelDemo;
		};
/* End PBXContainerItemProxy section */

/* Begin PBXFileReference section */
		04273DD020F3111F00B70A81 /* SwiftModelDemo.app */ = {isa = PBXFileReference; explicitFileType = wrapper.application; includeInIndex = 0; path = SwiftModelDemo.app; sourceTree = BUILT_PRODUCTS_DIR; };
		04273DD320F3111F00B70A81 /* AppDelegate.swift */ = {isa = PBXFileReference; lastKnownFileType = sourcecode.swift; path = AppDelegate.swift; sourceTree = "<group>"; };
		04273DD520F3111F00B70A81 /* ViewController.swift */ = {isa = PBXFileReference; lastKnownFileType = sourcecode.swift; path = ViewController.swift; sourceTree = "<group>"; };
		04273DD820F3111F00B70A81 /* Base */ = {isa = PBXFileReference; lastKnownFileType = file.storyboard; name = Base; path = Base.lproj/Main.storyboard; sourceTree = "<group>"; };
		04273DDA20F3112500B70A81 /* Assets.xcassets */ = {isa = PBXFileReference; lastKnownFileType = folder.assetcatalog; path = Assets.xcassets; sourceTree = "<group>"; };
		04273DDD20F3112500B70A81 /* Base */ = {isa = PBXFileReference; lastKnownFileType = file.storyboard; name = Base; path = Base.lproj/LaunchScreen.storyboard; sourceTree = "<group>"; };
		04273DDF20F3112500B70A81 /* Info.plist */ = {isa = PBXFileReference; lastKnownFileType = text.plist.xml; path = Info.plist; sourceTree = "<group>"; };
		04273DE420F3112500B70A81 /* SwiftModelDemoTests.xctest */ = {isa = PBXFileReference; explicitFileType = wrapper.cfbundle; includeInIndex = 0; path = SwiftModelDemoTests.xctest; sourceTree = BUILT_PRODUCTS_DIR; };
		04273DE820F3112500B70A81 /* SwiftModelDemoTests.swift */ = {isa = PBXFileReference; lastKnownFileType = sourcecode.swift; path = SwiftModelDemoTests.swift; sourceTree = "<group>"; };
		04273DEA20F3112500B70A81 /* Info.plist */ = {isa = PBXFileReference; lastKnownFileType = text.plist.xml; path = Info.plist; sourceTree = "<group>"; };
		04273DEF20F3112500B70A81 /* SwiftModelDemoUITests.xctest */ = {isa = PBXFileReference; explicitFileType = wrapper.cfbundle; includeInIndex = 0; path = SwiftModelDemoUITests.xctest; sourceTree = BUILT_PRODUCTS_DIR; };
		04273DF320F3112500B70A81 /* SwiftModelDemoUITests.swift */ = {isa = PBXFileReference; lastKnownFileType = sourcecode.swift; path = SwiftModelDemoUITests.swift; sourceTree = "<group>"; };
		04273DF520F3112500B70A81 /* Info.plist */ = {isa = PBXFileReference; lastKnownFileType = text.plist.xml; path = Info.plist; sourceTree = "<group>"; };
		04273E0220F3126600B70A81 /* ModelViewController.swift */ = {isa = PBXFileReference; lastKnownFileType = sourcecode.swift; path = ModelViewController.swift; sourceTree = "<group>"; };
		04273E0320F3126600B70A81 /* ModelViewController.xib */ = {isa = PBXFileReference; lastKnownFileType = file.xib; path = ModelViewController.xib; sourceTree = "<group>"; };
		04273E0620F3135900B70A81 /* Swift_SingleModel.plist */ = {isa = PBXFileReference; lastKnownFileType = text.plist.xml; path = Swift_SingleModel.plist; sourceTree = "<group>"; };
		04273E0820F3137F00B70A81 /* Swift_ComplexModel.plist */ = {isa = PBXFileReference; lastKnownFileType = text.plist.xml; path = Swift_ComplexModel.plist; sourceTree = "<group>"; };
		04273E1320F336E900B70A81 /* Swift_SingleModelOne.swift */ = {isa = PBXFileReference; lastKnownFileType = sourcecode.swift; path = Swift_SingleModelOne.swift; sourceTree = "<group>"; };
		04273E1B20F3410400B70A81 /* Swift_ComplexModelOne.swift */ = {isa = PBXFileReference; lastKnownFileType = sourcecode.swift; path = Swift_ComplexModelOne.swift; sourceTree = "<group>"; };
		04273E1D20F3410E00B70A81 /* Swift_ComplexModelTwo.swift */ = {isa = PBXFileReference; lastKnownFileType = sourcecode.swift; path = Swift_ComplexModelTwo.swift; sourceTree = "<group>"; };
		04273E2120F341AD00B70A81 /* Swift_PageInfoModel.swift */ = {isa = PBXFileReference; lastKnownFileType = sourcecode.swift; path = Swift_PageInfoModel.swift; sourceTree = "<group>"; };
		04273E2320F3427B00B70A81 /* Swift_ComplexModel.swift */ = {isa = PBXFileReference; lastKnownFileType = sourcecode.swift; path = Swift_ComplexModel.swift; sourceTree = "<group>"; };
		04273E2520F34A3F00B70A81 /* Swift_SingleModel.swift */ = {isa = PBXFileReference; lastKnownFileType = sourcecode.swift; path = Swift_SingleModel.swift; sourceTree = "<group>"; };
		04273E2820F34DA400B70A81 /* ObjectMapper_SingleModel.swift */ = {isa = PBXFileReference; lastKnownFileType = sourcecode.swift; path = ObjectMapper_SingleModel.swift; sourceTree = "<group>"; };
		04273E2A20F34DAE00B70A81 /* ObjectMapper_SingleModelOne.swift */ = {isa = PBXFileReference; lastKnownFileType = sourcecode.swift; path = ObjectMapper_SingleModelOne.swift; sourceTree = "<group>"; };
		04273E2C20F3529100B70A81 /* ObjectMapper_ComplexModel.swift */ = {isa = PBXFileReference; lastKnownFileType = sourcecode.swift; path = ObjectMapper_ComplexModel.swift; sourceTree = "<group>"; };
		04273E2F20F352B700B70A81 /* ObjectMapper_ComplexModelOne.swift */ = {isa = PBXFileReference; lastKnownFileType = sourcecode.swift; path = ObjectMapper_ComplexModelOne.swift; sourceTree = "<group>"; };
		04273E3120F352BC00B70A81 /* ObjectMapper_ComplexModelTwo.swift */ = {isa = PBXFileReference; lastKnownFileType = sourcecode.swift; path = ObjectMapper_ComplexModelTwo.swift; sourceTree = "<group>"; };
		04273E3320F352D800B70A81 /* ObjectMapper_PageInfoModel.swift */ = {isa = PBXFileReference; lastKnownFileType = sourcecode.swift; path = ObjectMapper_PageInfoModel.swift; sourceTree = "<group>"; };
		0DFA9258AAB94F8F3B6C6BFF /* Pods-SwiftModelDemoTests.debug.xcconfig */ = {isa = PBXFileReference; includeInIndex = 1; lastKnownFileType = text.xcconfig; name = "Pods-SwiftModelDemoTests.debug.xcconfig"; path = "Pods/Target Support Files/Pods-SwiftModelDemoTests/Pods-SwiftModelDemoTests.debug.xcconfig"; sourceTree = "<group>"; };
		0EBF2CCC6393BD01369EB301 /* Pods_SwiftModelDemo.framework */ = {isa = PBXFileReference; explicitFileType = wrapper.framework; includeInIndex = 0; path = Pods_SwiftModelDemo.framework; sourceTree = BUILT_PRODUCTS_DIR; };
		4370A4799C4F861C789483B6 /* Pods-SwiftModelDemoUITests.debug.xcconfig */ = {isa = PBXFileReference; includeInIndex = 1; lastKnownFileType = text.xcconfig; name = "Pods-SwiftModelDemoUITests.debug.xcconfig"; path = "Pods/Target Support Files/Pods-SwiftModelDemoUITests/Pods-SwiftModelDemoUITests.debug.xcconfig"; sourceTree = "<group>"; };
		6C9786BF2DB70EAC5B898A33 /* Pods_SwiftModelDemoUITests.framework */ = {isa = PBXFileReference; explicitFileType = wrapper.framework; includeInIndex = 0; path = Pods_SwiftModelDemoUITests.framework; sourceTree = BUILT_PRODUCTS_DIR; };
		83D4B137C80C9F04D23308B9 /* Pods-SwiftModelDemoTests.release.xcconfig */ = {isa = PBXFileReference; includeInIndex = 1; lastKnownFileType = text.xcconfig; name = "Pods-SwiftModelDemoTests.release.xcconfig"; path = "Pods/Target Support Files/Pods-SwiftModelDemoTests/Pods-SwiftModelDemoTests.release.xcconfig"; sourceTree = "<group>"; };
		977F7D03C5C714F737B438C3 /* Pods_SwiftModelDemoTests.framework */ = {isa = PBXFileReference; explicitFileType = wrapper.framework; includeInIndex = 0; path = Pods_SwiftModelDemoTests.framework; sourceTree = BUILT_PRODUCTS_DIR; };
		E7E210F725F5606A5CD0884D /* Pods-SwiftModelDemoUITests.release.xcconfig */ = {isa = PBXFileReference; includeInIndex = 1; lastKnownFileType = text.xcconfig; name = "Pods-SwiftModelDemoUITests.release.xcconfig"; path = "Pods/Target Support Files/Pods-SwiftModelDemoUITests/Pods-SwiftModelDemoUITests.release.xcconfig"; sourceTree = "<group>"; };
		F4154C06B3587CB8F8C2CB4F /* Pods-SwiftModelDemo.debug.xcconfig */ = {isa = PBXFileReference; includeInIndex = 1; lastKnownFileType = text.xcconfig; name = "Pods-SwiftModelDemo.debug.xcconfig"; path = "Pods/Target Support Files/Pods-SwiftModelDemo/Pods-SwiftModelDemo.debug.xcconfig"; sourceTree = "<group>"; };
		FFD7B2262EB774DE1B5E12D6 /* Pods-SwiftModelDemo.release.xcconfig */ = {isa = PBXFileReference; includeInIndex = 1; lastKnownFileType = text.xcconfig; name = "Pods-SwiftModelDemo.release.xcconfig"; path = "Pods/Target Support Files/Pods-SwiftModelDemo/Pods-SwiftModelDemo.release.xcconfig"; sourceTree = "<group>"; };
/* End PBXFileReference section */

/* Begin PBXFrameworksBuildPhase section */
		04273DCD20F3111F00B70A81 /* Frameworks */ = {
			isa = PBXFrameworksBuildPhase;
			buildActionMask = 2147483647;
			files = (
				81F6BFA597BA56EC7E89AFAD /* Pods_SwiftModelDemo.framework in Frameworks */,
			);
			runOnlyForDeploymentPostprocessing = 0;
		};
		04273DE120F3112500B70A81 /* Frameworks */ = {
			isa = PBXFrameworksBuildPhase;
			buildActionMask = 2147483647;
			files = (
				E755776CEFFBA68E6D17FC7E /* Pods_SwiftModelDemoTests.framework in Frameworks */,
			);
			runOnlyForDeploymentPostprocessing = 0;
		};
		04273DEC20F3112500B70A81 /* Frameworks */ = {
			isa = PBXFrameworksBuildPhase;
			buildActionMask = 2147483647;
			files = (
				33832A31D6824430044B0E42 /* Pods_SwiftModelDemoUITests.framework in Frameworks */,
			);
			runOnlyForDeploymentPostprocessing = 0;
		};
/* End PBXFrameworksBuildPhase section */

/* Begin PBXGroup section */
		04273DC720F3111F00B70A81 = {
			isa = PBXGroup;
			children = (
				04273DD220F3111F00B70A81 /* SwiftModelDemo */,
				04273DE720F3112500B70A81 /* SwiftModelDemoTests */,
				04273DF220F3112500B70A81 /* SwiftModelDemoUITests */,
				04273DD120F3111F00B70A81 /* Products */,
				CA4C69CE6535B3C28B46CAE3 /* Pods */,
				6C4FD2846B95A328061CA41F /* Frameworks */,
			);
			sourceTree = "<group>";
		};
		04273DD120F3111F00B70A81 /* Products */ = {
			isa = PBXGroup;
			children = (
				04273DD020F3111F00B70A81 /* SwiftModelDemo.app */,
				04273DE420F3112500B70A81 /* SwiftModelDemoTests.xctest */,
				04273DEF20F3112500B70A81 /* SwiftModelDemoUITests.xctest */,
			);
			name = Products;
			sourceTree = "<group>";
		};
		04273DD220F3111F00B70A81 /* SwiftModelDemo */ = {
			isa = PBXGroup;
			children = (
				04273DD320F3111F00B70A81 /* AppDelegate.swift */,
				04273DD520F3111F00B70A81 /* ViewController.swift */,
				04273E0120F3124D00B70A81 /* ModelDemo */,
				04273DD720F3111F00B70A81 /* Main.storyboard */,
				04273DDA20F3112500B70A81 /* Assets.xcassets */,
				04273DDC20F3112500B70A81 /* LaunchScreen.storyboard */,
				04273DDF20F3112500B70A81 /* Info.plist */,
			);
			path = SwiftModelDemo;
			sourceTree = "<group>";
		};
		04273DE720F3112500B70A81 /* SwiftModelDemoTests */ = {
			isa = PBXGroup;
			children = (
				04273DE820F3112500B70A81 /* SwiftModelDemoTests.swift */,
				04273DEA20F3112500B70A81 /* Info.plist */,
			);
			path = SwiftModelDemoTests;
			sourceTree = "<group>";
		};
		04273DF220F3112500B70A81 /* SwiftModelDemoUITests */ = {
			isa = PBXGroup;
			children = (
				04273DF320F3112500B70A81 /* SwiftModelDemoUITests.swift */,
				04273DF520F3112500B70A81 /* Info.plist */,
			);
			path = SwiftModelDemoUITests;
			sourceTree = "<group>";
		};
		04273E0120F3124D00B70A81 /* ModelDemo */ = {
			isa = PBXGroup;
			children = (
				04273E0220F3126600B70A81 /* ModelViewController.swift */,
				04273E0320F3126600B70A81 /* ModelViewController.xib */,
				04273E2E20F3529F00B70A81 /* 假数据 */,
				04273E2720F34D7300B70A81 /* ObjectMapper */,
				04273E0C20F3149500B70A81 /* 原生写法 */,
			);
			path = ModelDemo;
			sourceTree = "<group>";
		};
		04273E0C20F3149500B70A81 /* 原生写法 */ = {
			isa = PBXGroup;
			children = (
				04273E2520F34A3F00B70A81 /* Swift_SingleModel.swift */,
				04273E1320F336E900B70A81 /* Swift_SingleModelOne.swift */,
				04273E2320F3427B00B70A81 /* Swift_ComplexModel.swift */,
				04273E1B20F3410400B70A81 /* Swift_ComplexModelOne.swift */,
				04273E1D20F3410E00B70A81 /* Swift_ComplexModelTwo.swift */,
				04273E2120F341AD00B70A81 /* Swift_PageInfoModel.swift */,
			);
			path = "原生写法";
			sourceTree = "<group>";
		};
		04273E2720F34D7300B70A81 /* ObjectMapper */ = {
			isa = PBXGroup;
			children = (
				04273E2820F34DA400B70A81 /* ObjectMapper_SingleModel.swift */,
				04273E2A20F34DAE00B70A81 /* ObjectMapper_SingleModelOne.swift */,
				04273E2C20F3529100B70A81 /* ObjectMapper_ComplexModel.swift */,
				04273E2F20F352B700B70A81 /* ObjectMapper_ComplexModelOne.swift */,
				04273E3120F352BC00B70A81 /* ObjectMapper_ComplexModelTwo.swift */,
				04273E3320F352D800B70A81 /* ObjectMapper_PageInfoModel.swift */,
			);
			path = ObjectMapper;
			sourceTree = "<group>";
		};
		04273E2E20F3529F00B70A81 /* 假数据 */ = {
			isa = PBXGroup;
			children = (
				04273E0620F3135900B70A81 /* Swift_SingleModel.plist */,
				04273E0820F3137F00B70A81 /* Swift_ComplexModel.plist */,
			);
			path = "假数据";
			sourceTree = "<group>";
		};
		6C4FD2846B95A328061CA41F /* Frameworks */ = {
			isa = PBXGroup;
			children = (
				0EBF2CCC6393BD01369EB301 /* Pods_SwiftModelDemo.framework */,
				977F7D03C5C714F737B438C3 /* Pods_SwiftModelDemoTests.framework */,
				6C9786BF2DB70EAC5B898A33 /* Pods_SwiftModelDemoUITests.framework */,
			);
			name = Frameworks;
			sourceTree = "<group>";
		};
		CA4C69CE6535B3C28B46CAE3 /* Pods */ = {
			isa = PBXGroup;
			children = (
				F4154C06B3587CB8F8C2CB4F /* Pods-SwiftModelDemo.debug.xcconfig */,
				FFD7B2262EB774DE1B5E12D6 /* Pods-SwiftModelDemo.release.xcconfig */,
				0DFA9258AAB94F8F3B6C6BFF /* Pods-SwiftModelDemoTests.debug.xcconfig */,
				83D4B137C80C9F04D23308B9 /* Pods-SwiftModelDemoTests.release.xcconfig */,
				4370A4799C4F861C789483B6 /* Pods-SwiftModelDemoUITests.debug.xcconfig */,
				E7E210F725F5606A5CD0884D /* Pods-SwiftModelDemoUITests.release.xcconfig */,
			);
			name = Pods;
			sourceTree = "<group>";
		};
/* End PBXGroup section */

/* Begin PBXNativeTarget section */
		04273DCF20F3111F00B70A81 /* SwiftModelDemo */ = {
			isa = PBXNativeTarget;
			buildConfigurationList = 04273DF820F3112500B70A81 /* Build configuration list for PBXNativeTarget "SwiftModelDemo" */;
			buildPhases = (
				58027E8BC9BCFF36DE947A34 /* [CP] Check Pods Manifest.lock */,
				04273DCC20F3111F00B70A81 /* Sources */,
				04273DCD20F3111F00B70A81 /* Frameworks */,
				04273DCE20F3111F00B70A81 /* Resources */,
				2CCEC8B3502175E09A1F163E /* [CP] Embed Pods Frameworks */,
			);
			buildRules = (
			);
			dependencies = (
			);
			name = SwiftModelDemo;
			productName = SwiftModelDemo;
			productReference = 04273DD020F3111F00B70A81 /* SwiftModelDemo.app */;
			productType = "com.apple.product-type.application";
		};
		04273DE320F3112500B70A81 /* SwiftModelDemoTests */ = {
			isa = PBXNativeTarget;
			buildConfigurationList = 04273DFB20F3112500B70A81 /* Build configuration list for PBXNativeTarget "SwiftModelDemoTests" */;
			buildPhases = (
				D580890C9E39EA24BDF89D59 /* [CP] Check Pods Manifest.lock */,
				04273DE020F3112500B70A81 /* Sources */,
				04273DE120F3112500B70A81 /* Frameworks */,
				04273DE220F3112500B70A81 /* Resources */,
			);
			buildRules = (
			);
			dependencies = (
				04273DE620F3112500B70A81 /* PBXTargetDependency */,
			);
			name = SwiftModelDemoTests;
			productName = SwiftModelDemoTests;
			productReference = 04273DE420F3112500B70A81 /* SwiftModelDemoTests.xctest */;
			productType = "com.apple.product-type.bundle.unit-test";
		};
		04273DEE20F3112500B70A81 /* SwiftModelDemoUITests */ = {
			isa = PBXNativeTarget;
			buildConfigurationList = 04273DFE20F3112500B70A81 /* Build configuration list for PBXNativeTarget "SwiftModelDemoUITests" */;
			buildPhases = (
				3B6D415E06A7A5040E8E129F /* [CP] Check Pods Manifest.lock */,
				04273DEB20F3112500B70A81 /* Sources */,
				04273DEC20F3112500B70A81 /* Frameworks */,
				04273DED20F3112500B70A81 /* Resources */,
			);
			buildRules = (
			);
			dependencies = (
				04273DF120F3112500B70A81 /* PBXTargetDependency */,
			);
			name = SwiftModelDemoUITests;
			productName = SwiftModelDemoUITests;
			productReference = 04273DEF20F3112500B70A81 /* SwiftModelDemoUITests.xctest */;
			productType = "com.apple.product-type.bundle.ui-testing";
		};
/* End PBXNativeTarget section */

/* Begin PBXProject section */
		04273DC820F3111F00B70A81 /* Project object */ = {
			isa = PBXProject;
			attributes = {
				LastSwiftUpdateCheck = 0940;
				LastUpgradeCheck = 0940;
				ORGANIZATIONNAME = liliguang;
				TargetAttributes = {
					04273DCF20F3111F00B70A81 = {
						CreatedOnToolsVersion = 9.4;
					};
					04273DE320F3112500B70A81 = {
						CreatedOnToolsVersion = 9.4;
						TestTargetID = 04273DCF20F3111F00B70A81;
					};
					04273DEE20F3112500B70A81 = {
						CreatedOnToolsVersion = 9.4;
						TestTargetID = 04273DCF20F3111F00B70A81;
					};
				};
			};
			buildConfigurationList = 04273DCB20F3111F00B70A81 /* Build configuration list for PBXProject "SwiftModelDemo" */;
			compatibilityVersion = "Xcode 9.3";
			developmentRegion = en;
			hasScannedForEncodings = 0;
			knownRegions = (
				en,
				Base,
			);
			mainGroup = 04273DC720F3111F00B70A81;
			productRefGroup = 04273DD120F3111F00B70A81 /* Products */;
			projectDirPath = "";
			projectRoot = "";
			targets = (
				04273DCF20F3111F00B70A81 /* SwiftModelDemo */,
				04273DE320F3112500B70A81 /* SwiftModelDemoTests */,
				04273DEE20F3112500B70A81 /* SwiftModelDemoUITests */,
			);
		};
/* End PBXProject section */

/* Begin PBXResourcesBuildPhase section */
		04273DCE20F3111F00B70A81 /* Resources */ = {
			isa = PBXResourcesBuildPhase;
			buildActionMask = 2147483647;
			files = (
				04273E0520F3126600B70A81 /* ModelViewController.xib in Resources */,
				04273E0920F3137F00B70A81 /* Swift_ComplexModel.plist in Resources */,
				04273DDE20F3112500B70A81 /* LaunchScreen.storyboard in Resources */,
				04273DDB20F3112500B70A81 /* Assets.xcassets in Resources */,
				04273E0720F3135900B70A81 /* Swift_SingleModel.plist in Resources */,
				04273DD920F3111F00B70A81 /* Main.storyboard in Resources */,
			);
			runOnlyForDeploymentPostprocessing = 0;
		};
		04273DE220F3112500B70A81 /* Resources */ = {
			isa = PBXResourcesBuildPhase;
			buildActionMask = 2147483647;
			files = (
			);
			runOnlyForDeploymentPostprocessing = 0;
		};
		04273DED20F3112500B70A81 /* Resources */ = {
			isa = PBXResourcesBuildPhase;
			buildActionMask = 2147483647;
			files = (
			);
			runOnlyForDeploymentPostprocessing = 0;
		};
/* End PBXResourcesBuildPhase section */

/* Begin PBXShellScriptBuildPhase section */
		2CCEC8B3502175E09A1F163E /* [CP] Embed Pods Frameworks */ = {
			isa = PBXShellScriptBuildPhase;
			buildActionMask = 2147483647;
			files = (
			);
			inputPaths = (
				"${SRCROOT}/Pods/Target Support Files/Pods-SwiftModelDemo/Pods-SwiftModelDemo-frameworks.sh",
				"${BUILT_PRODUCTS_DIR}/ObjectMapper/ObjectMapper.framework",
			);
			name = "[CP] Embed Pods Frameworks";
			outputPaths = (
				"${TARGET_BUILD_DIR}/${FRAMEWORKS_FOLDER_PATH}/ObjectMapper.framework",
			);
			runOnlyForDeploymentPostprocessing = 0;
			shellPath = /bin/sh;
			shellScript = "\"${SRCROOT}/Pods/Target Support Files/Pods-SwiftModelDemo/Pods-SwiftModelDemo-frameworks.sh\"\n";
			showEnvVarsInLog = 0;
		};
		3B6D415E06A7A5040E8E129F /* [CP] Check Pods Manifest.lock */ = {
			isa = PBXShellScriptBuildPhase;
			buildActionMask = 2147483647;
			files = (
			);
			inputPaths = (
				"${PODS_PODFILE_DIR_PATH}/Podfile.lock",
				"${PODS_ROOT}/Manifest.lock",
			);
			name = "[CP] Check Pods Manifest.lock";
			outputPaths = (
				"$(DERIVED_FILE_DIR)/Pods-SwiftModelDemoUITests-checkManifestLockResult.txt",
			);
			runOnlyForDeploymentPostprocessing = 0;
			shellPath = /bin/sh;
			shellScript = "diff \"${PODS_PODFILE_DIR_PATH}/Podfile.lock\" \"${PODS_ROOT}/Manifest.lock\" > /dev/null\nif [ $? != 0 ] ; then\n    # print error to STDERR\n    echo \"error: The sandbox is not in sync with the Podfile.lock. Run 'pod install' or update your CocoaPods installation.\" >&2\n    exit 1\nfi\n# This output is used by Xcode 'outputs' to avoid re-running this script phase.\necho \"SUCCESS\" > \"${SCRIPT_OUTPUT_FILE_0}\"\n";
			showEnvVarsInLog = 0;
		};
		58027E8BC9BCFF36DE947A34 /* [CP] Check Pods Manifest.lock */ = {
			isa = PBXShellScriptBuildPhase;
			buildActionMask = 2147483647;
			files = (
			);
			inputPaths = (
				"${PODS_PODFILE_DIR_PATH}/Podfile.lock",
				"${PODS_ROOT}/Manifest.lock",
			);
			name = "[CP] Check Pods Manifest.lock";
			outputPaths = (
				"$(DERIVED_FILE_DIR)/Pods-SwiftModelDemo-checkManifestLockResult.txt",
			);
			runOnlyForDeploymentPostprocessing = 0;
			shellPath = /bin/sh;
			shellScript = "diff \"${PODS_PODFILE_DIR_PATH}/Podfile.lock\" \"${PODS_ROOT}/Manifest.lock\" > /dev/null\nif [ $? != 0 ] ; then\n    # print error to STDERR\n    echo \"error: The sandbox is not in sync with the Podfile.lock. Run 'pod install' or update your CocoaPods installation.\" >&2\n    exit 1\nfi\n# This output is used by Xcode 'outputs' to avoid re-running this script phase.\necho \"SUCCESS\" > \"${SCRIPT_OUTPUT_FILE_0}\"\n";
			showEnvVarsInLog = 0;
		};
		D580890C9E39EA24BDF89D59 /* [CP] Check Pods Manifest.lock */ = {
			isa = PBXShellScriptBuildPhase;
			buildActionMask = 2147483647;
			files = (
			);
			inputPaths = (
				"${PODS_PODFILE_DIR_PATH}/Podfile.lock",
				"${PODS_ROOT}/Manifest.lock",
			);
			name = "[CP] Check Pods Manifest.lock";
			outputPaths = (
				"$(DERIVED_FILE_DIR)/Pods-SwiftModelDemoTests-checkManifestLockResult.txt",
			);
			runOnlyForDeploymentPostprocessing = 0;
			shellPath = /bin/sh;
			shellScript = "diff \"${PODS_PODFILE_DIR_PATH}/Podfile.lock\" \"${PODS_ROOT}/Manifest.lock\" > /dev/null\nif [ $? != 0 ] ; then\n    # print error to STDERR\n    echo \"error: The sandbox is not in sync with the Podfile.lock. Run 'pod install' or update your CocoaPods installation.\" >&2\n    exit 1\nfi\n# This output is used by Xcode 'outputs' to avoid re-running this script phase.\necho \"SUCCESS\" > \"${SCRIPT_OUTPUT_FILE_0}\"\n";
			showEnvVarsInLog = 0;
		};
/* End PBXShellScriptBuildPhase section */

/* Begin PBXSourcesBuildPhase section */
		04273DCC20F3111F00B70A81 /* Sources */ = {
			isa = PBXSourcesBuildPhase;
			buildActionMask = 2147483647;
			files = (
				04273E1C20F3410400B70A81 /* Swift_ComplexModelOne.swift in Sources */,
				04273E2220F341AD00B70A81 /* Swift_PageInfoModel.swift in Sources */,
				04273E2620F34A3F00B70A81 /* Swift_SingleModel.swift in Sources */,
				04273E3220F352BC00B70A81 /* ObjectMapper_ComplexModelTwo.swift in Sources */,
				04273E2920F34DA400B70A81 /* ObjectMapper_SingleModel.swift in Sources */,
				04273DD620F3111F00B70A81 /* ViewController.swift in Sources */,
				04273E2420F3427B00B70A81 /* Swift_ComplexModel.swift in Sources */,
				04273E2B20F34DAE00B70A81 /* ObjectMapper_SingleModelOne.swift in Sources */,
				04273DD420F3111F00B70A81 /* AppDelegate.swift in Sources */,
				04273E1E20F3410E00B70A81 /* Swift_ComplexModelTwo.swift in Sources */,
				04273E3420F352D800B70A81 /* ObjectMapper_PageInfoModel.swift in Sources */,
				04273E1420F336E900B70A81 /* Swift_SingleModelOne.swift in Sources */,
				04273E2D20F3529100B70A81 /* ObjectMapper_ComplexModel.swift in Sources */,
				04273E0420F3126600B70A81 /* ModelViewController.swift in Sources */,
				04273E3020F352B700B70A81 /* ObjectMapper_ComplexModelOne.swift in Sources */,
			);
			runOnlyForDeploymentPostprocessing = 0;
		};
		04273DE020F3112500B70A81 /* Sources */ = {
			isa = PBXSourcesBuildPhase;
			buildActionMask = 2147483647;
			files = (
				04273DE920F3112500B70A81 /* SwiftModelDemoTests.swift in Sources */,
			);
			runOnlyForDeploymentPostprocessing = 0;
		};
		04273DEB20F3112500B70A81 /* Sources */ = {
			isa = PBXSourcesBuildPhase;
			buildActionMask = 2147483647;
			files = (
				04273DF420F3112500B70A81 /* SwiftModelDemoUITests.swift in Sources */,
			);
			runOnlyForDeploymentPostprocessing = 0;
		};
/* End PBXSourcesBuildPhase section */

/* Begin PBXTargetDependency section */
		04273DE620F3112500B70A81 /* PBXTargetDependency */ = {
			isa = PBXTargetDependency;
			target = 04273DCF20F3111F00B70A81 /* SwiftModelDemo */;
			targetProxy = 04273DE520F3112500B70A81 /* PBXContainerItemProxy */;
		};
		04273DF120F3112500B70A81 /* PBXTargetDependency */ = {
			isa = PBXTargetDependency;
			target = 04273DCF20F3111F00B70A81 /* SwiftModelDemo */;
			targetProxy = 04273DF020F3112500B70A81 /* PBXContainerItemProxy */;
		};
/* End PBXTargetDependency section */

/* Begin PBXVariantGroup section */
		04273DD720F3111F00B70A81 /* Main.storyboard */ = {
			isa = PBXVariantGroup;
			children = (
				04273DD820F3111F00B70A81 /* Base */,
			);
			name = Main.storyboard;
			sourceTree = "<group>";
		};
		04273DDC20F3112500B70A81 /* LaunchScreen.storyboard */ = {
			isa = PBXVariantGroup;
			children = (
				04273DDD20F3112500B70A81 /* Base */,
			);
			name = LaunchScreen.storyboard;
			sourceTree = "<group>";
		};
/* End PBXVariantGroup section */

/* Begin XCBuildConfiguration section */
		04273DF620F3112500B70A81 /* Debug */ = {
			isa = XCBuildConfiguration;
			buildSettings = {
				ALWAYS_SEARCH_USER_PATHS = NO;
				CLANG_ANALYZER_NONNULL = YES;
				CLANG_ANALYZER_NUMBER_OBJECT_CONVERSION = YES_AGGRESSIVE;
				CLANG_CXX_LANGUAGE_STANDARD = "gnu++14";
				CLANG_CXX_LIBRARY = "libc++";
				CLANG_ENABLE_MODULES = YES;
				CLANG_ENABLE_OBJC_ARC = YES;
				CLANG_ENABLE_OBJC_WEAK = YES;
				CLANG_WARN_BLOCK_CAPTURE_AUTORELEASING = YES;
				CLANG_WARN_BOOL_CONVERSION = YES;
				CLANG_WARN_COMMA = YES;
				CLANG_WARN_CONSTANT_CONVERSION = YES;
				CLANG_WARN_DEPRECATED_OBJC_IMPLEMENTATIONS = YES;
				CLANG_WARN_DIRECT_OBJC_ISA_USAGE = YES_ERROR;
				CLANG_WARN_DOCUMENTATION_COMMENTS = YES;
				CLANG_WARN_EMPTY_BODY = YES;
				CLANG_WARN_ENUM_CONVERSION = YES;
				CLANG_WARN_INFINITE_RECURSION = YES;
				CLANG_WARN_INT_CONVERSION = YES;
				CLANG_WARN_NON_LITERAL_NULL_CONVERSION = YES;
				CLANG_WARN_OBJC_IMPLICIT_RETAIN_SELF = YES;
				CLANG_WARN_OBJC_LITERAL_CONVERSION = YES;
				CLANG_WARN_OBJC_ROOT_CLASS = YES_ERROR;
				CLANG_WARN_RANGE_LOOP_ANALYSIS = YES;
				CLANG_WARN_STRICT_PROTOTYPES = YES;
				CLANG_WARN_SUSPICIOUS_MOVE = YES;
				CLANG_WARN_UNGUARDED_AVAILABILITY = YES_AGGRESSIVE;
				CLANG_WARN_UNREACHABLE_CODE = YES;
				CLANG_WARN__DUPLICATE_METHOD_MATCH = YES;
				CODE_SIGN_IDENTITY = "iPhone Developer";
				COPY_PHASE_STRIP = NO;
				DEBUG_INFORMATION_FORMAT = dwarf;
				ENABLE_STRICT_OBJC_MSGSEND = YES;
				ENABLE_TESTABILITY = YES;
				GCC_C_LANGUAGE_STANDARD = gnu11;
				GCC_DYNAMIC_NO_PIC = NO;
				GCC_NO_COMMON_BLOCKS = YES;
				GCC_OPTIMIZATION_LEVEL = 0;
				GCC_PREPROCESSOR_DEFINITIONS = (
					"DEBUG=1",
					"$(inherited)",
				);
				GCC_WARN_64_TO_32_BIT_CONVERSION = YES;
				GCC_WARN_ABOUT_RETURN_TYPE = YES_ERROR;
				GCC_WARN_UNDECLARED_SELECTOR = YES;
				GCC_WARN_UNINITIALIZED_AUTOS = YES_AGGRESSIVE;
				GCC_WARN_UNUSED_FUNCTION = YES;
				GCC_WARN_UNUSED_VARIABLE = YES;
				IPHONEOS_DEPLOYMENT_TARGET = 11.4;
				MTL_ENABLE_DEBUG_INFO = YES;
				ONLY_ACTIVE_ARCH = YES;
				SDKROOT = iphoneos;
				SWIFT_ACTIVE_COMPILATION_CONDITIONS = DEBUG;
				SWIFT_OPTIMIZATION_LEVEL = "-Onone";
			};
			name = Debug;
		};
		04273DF720F3112500B70A81 /* Release */ = {
			isa = XCBuildConfiguration;
			buildSettings = {
				ALWAYS_SEARCH_USER_PATHS = NO;
				CLANG_ANALYZER_NONNULL = YES;
				CLANG_ANALYZER_NUMBER_OBJECT_CONVERSION = YES_AGGRESSIVE;
				CLANG_CXX_LANGUAGE_STANDARD = "gnu++14";
				CLANG_CXX_LIBRARY = "libc++";
				CLANG_ENABLE_MODULES = YES;
				CLANG_ENABLE_OBJC_ARC = YES;
				CLANG_ENABLE_OBJC_WEAK = YES;
				CLANG_WARN_BLOCK_CAPTURE_AUTORELEASING = YES;
				CLANG_WARN_BOOL_CONVERSION = YES;
				CLANG_WARN_COMMA = YES;
				CLANG_WARN_CONSTANT_CONVERSION = YES;
				CLANG_WARN_DEPRECATED_OBJC_IMPLEMENTATIONS = YES;
				CLANG_WARN_DIRECT_OBJC_ISA_USAGE = YES_ERROR;
				CLANG_WARN_DOCUMENTATION_COMMENTS = YES;
				CLANG_WARN_EMPTY_BODY = YES;
				CLANG_WARN_ENUM_CONVERSION = YES;
				CLANG_WARN_INFINITE_RECURSION = YES;
				CLANG_WARN_INT_CONVERSION = YES;
				CLANG_WARN_NON_LITERAL_NULL_CONVERSION = YES;
				CLANG_WARN_OBJC_IMPLICIT_RETAIN_SELF = YES;
				CLANG_WARN_OBJC_LITERAL_CONVERSION = YES;
				CLANG_WARN_OBJC_ROOT_CLASS = YES_ERROR;
				CLANG_WARN_RANGE_LOOP_ANALYSIS = YES;
				CLANG_WARN_STRICT_PROTOTYPES = YES;
				CLANG_WARN_SUSPICIOUS_MOVE = YES;
				CLANG_WARN_UNGUARDED_AVAILABILITY = YES_AGGRESSIVE;
				CLANG_WARN_UNREACHABLE_CODE = YES;
				CLANG_WARN__DUPLICATE_METHOD_MATCH = YES;
				CODE_SIGN_IDENTITY = "iPhone Developer";
				COPY_PHASE_STRIP = NO;
				DEBUG_INFORMATION_FORMAT = "dwarf-with-dsym";
				ENABLE_NS_ASSERTIONS = NO;
				ENABLE_STRICT_OBJC_MSGSEND = YES;
				GCC_C_LANGUAGE_STANDARD = gnu11;
				GCC_NO_COMMON_BLOCKS = YES;
				GCC_WARN_64_TO_32_BIT_CONVERSION = YES;
				GCC_WARN_ABOUT_RETURN_TYPE = YES_ERROR;
				GCC_WARN_UNDECLARED_SELECTOR = YES;
				GCC_WARN_UNINITIALIZED_AUTOS = YES_AGGRESSIVE;
				GCC_WARN_UNUSED_FUNCTION = YES;
				GCC_WARN_UNUSED_VARIABLE = YES;
				IPHONEOS_DEPLOYMENT_TARGET = 11.4;
				MTL_ENABLE_DEBUG_INFO = NO;
				SDKROOT = iphoneos;
				SWIFT_COMPILATION_MODE = wholemodule;
				SWIFT_OPTIMIZATION_LEVEL = "-O";
				VALIDATE_PRODUCT = YES;
			};
			name = Release;
		};
		04273DF920F3112500B70A81 /* Debug */ = {
			isa = XCBuildConfiguration;
			baseConfigurationReference = F4154C06B3587CB8F8C2CB4F /* Pods-SwiftModelDemo.debug.xcconfig */;
			buildSettings = {
				ASSETCATALOG_COMPILER_APPICON_NAME = AppIcon;
				CODE_SIGN_STYLE = Automatic;
				DEVELOPMENT_TEAM = JKP4G35J39;
				INFOPLIST_FILE = SwiftModelDemo/Info.plist;
				LD_RUNPATH_SEARCH_PATHS = (
					"$(inherited)",
					"@executable_path/Frameworks",
				);
				PRODUCT_BUNDLE_IDENTIFIER = com.liliguangDemo.www.SwiftModelDemo;
				PRODUCT_NAME = "$(TARGET_NAME)";
				SWIFT_VERSION = 4.0;
				TARGETED_DEVICE_FAMILY = "1,2";
			};
			name = Debug;
		};
		04273DFA20F3112500B70A81 /* Release */ = {
			isa = XCBuildConfiguration;
			baseConfigurationReference = FFD7B2262EB774DE1B5E12D6 /* Pods-SwiftModelDemo.release.xcconfig */;
			buildSettings = {
				ASSETCATALOG_COMPILER_APPICON_NAME = AppIcon;
				CODE_SIGN_STYLE = Automatic;
				DEVELOPMENT_TEAM = JKP4G35J39;
				INFOPLIST_FILE = SwiftModelDemo/Info.plist;
				LD_RUNPATH_SEARCH_PATHS = (
					"$(inherited)",
					"@executable_path/Frameworks",
				);
				PRODUCT_BUNDLE_IDENTIFIER = com.liliguangDemo.www.SwiftModelDemo;
				PRODUCT_NAME = "$(TARGET_NAME)";
				SWIFT_VERSION = 4.0;
				TARGETED_DEVICE_FAMILY = "1,2";
			};
			name = Release;
		};
		04273DFC20F3112500B70A81 /* Debug */ = {
			isa = XCBuildConfiguration;
			baseConfigurationReference = 0DFA9258AAB94F8F3B6C6BFF /* Pods-SwiftModelDemoTests.debug.xcconfig */;
			buildSettings = {
				ALWAYS_EMBED_SWIFT_STANDARD_LIBRARIES = YES;
				BUNDLE_LOADER = "$(TEST_HOST)";
				CODE_SIGN_STYLE = Automatic;
				INFOPLIST_FILE = SwiftModelDemoTests/Info.plist;
				LD_RUNPATH_SEARCH_PATHS = (
					"$(inherited)",
					"@executable_path/Frameworks",
					"@loader_path/Frameworks",
				);
				PRODUCT_BUNDLE_IDENTIFIER = com.liliguangDemo.www.SwiftModelDemoTests;
				PRODUCT_NAME = "$(TARGET_NAME)";
				SWIFT_VERSION = 4.0;
				TARGETED_DEVICE_FAMILY = "1,2";
				TEST_HOST = "$(BUILT_PRODUCTS_DIR)/SwiftModelDemo.app/SwiftModelDemo";
			};
			name = Debug;
		};
		04273DFD20F3112500B70A81 /* Release */ = {
			isa = XCBuildConfiguration;
			baseConfigurationReference = 83D4B137C80C9F04D23308B9 /* Pods-SwiftModelDemoTests.release.xcconfig */;
			buildSettings = {
				ALWAYS_EMBED_SWIFT_STANDARD_LIBRARIES = YES;
				BUNDLE_LOADER = "$(TEST_HOST)";
				CODE_SIGN_STYLE = Automatic;
				INFOPLIST_FILE = SwiftModelDemoTests/Info.plist;
				LD_RUNPATH_SEARCH_PATHS = (
					"$(inherited)",
					"@executable_path/Frameworks",
					"@loader_path/Frameworks",
				);
				PRODUCT_BUNDLE_IDENTIFIER = com.liliguangDemo.www.SwiftModelDemoTests;
				PRODUCT_NAME = "$(TARGET_NAME)";
				SWIFT_VERSION = 4.0;
				TARGETED_DEVICE_FAMILY = "1,2";
				TEST_HOST = "$(BUILT_PRODUCTS_DIR)/SwiftModelDemo.app/SwiftModelDemo";
			};
			name = Release;
		};
		04273DFF20F3112500B70A81 /* Debug */ = {
			isa = XCBuildConfiguration;
			baseConfigurationReference = 4370A4799C4F861C789483B6 /* Pods-SwiftModelDemoUITests.debug.xcconfig */;
			buildSettings = {
				ALWAYS_EMBED_SWIFT_STANDARD_LIBRARIES = YES;
				CODE_SIGN_STYLE = Automatic;
				INFOPLIST_FILE = SwiftModelDemoUITests/Info.plist;
				LD_RUNPATH_SEARCH_PATHS = (
					"$(inherited)",
					"@executable_path/Frameworks",
					"@loader_path/Frameworks",
				);
				PRODUCT_BUNDLE_IDENTIFIER = com.liliguangDemo.www.SwiftModelDemoUITests;
				PRODUCT_NAME = "$(TARGET_NAME)";
				SWIFT_VERSION = 4.0;
				TARGETED_DEVICE_FAMILY = "1,2";
				TEST_TARGET_NAME = SwiftModelDemo;
			};
			name = Debug;
		};
		04273E0020F3112500B70A81 /* Release */ = {
			isa = XCBuildConfiguration;
			baseConfigurationReference = E7E210F725F5606A5CD0884D /* Pods-SwiftModelDemoUITests.release.xcconfig */;
			buildSettings = {
				ALWAYS_EMBED_SWIFT_STANDARD_LIBRARIES = YES;
				CODE_SIGN_STYLE = Automatic;
				INFOPLIST_FILE = SwiftModelDemoUITests/Info.plist;
				LD_RUNPATH_SEARCH_PATHS = (
					"$(inherited)",
					"@executable_path/Frameworks",
					"@loader_path/Frameworks",
				);
				PRODUCT_BUNDLE_IDENTIFIER = com.liliguangDemo.www.SwiftModelDemoUITests;
				PRODUCT_NAME = "$(TARGET_NAME)";
				SWIFT_VERSION = 4.0;
				TARGETED_DEVICE_FAMILY = "1,2";
				TEST_TARGET_NAME = SwiftModelDemo;
			};
			name = Release;
		};
/* End XCBuildConfiguration section */

/* Begin XCConfigurationList section */
		04273DCB20F3111F00B70A81 /* Build configuration list for PBXProject "SwiftModelDemo" */ = {
			isa = XCConfigurationList;
			buildConfigurations = (
				04273DF620F3112500B70A81 /* Debug */,
				04273DF720F3112500B70A81 /* Release */,
			);
			defaultConfigurationIsVisible = 0;
			defaultConfigurationName = Release;
		};
		04273DF820F3112500B70A81 /* Build configuration list for PBXNativeTarget "SwiftModelDemo" */ = {
			isa = XCConfigurationList;
			buildConfigurations = (
				04273DF920F3112500B70A81 /* Debug */,
				04273DFA20F3112500B70A81 /* Release */,
			);
			defaultConfigurationIsVisible = 0;
			defaultConfigurationName = Release;
		};
		04273DFB20F3112500B70A81 /* Build configuration list for PBXNativeTarget "SwiftModelDemoTests" */ = {
			isa = XCConfigurationList;
			buildConfigurations = (
				04273DFC20F3112500B70A81 /* Debug */,
				04273DFD20F3112500B70A81 /* Release */,
			);
			defaultConfigurationIsVisible = 0;
			defaultConfigurationName = Release;
		};
		04273DFE20F3112500B70A81 /* Build configuration list for PBXNativeTarget "SwiftModelDemoUITests" */ = {
			isa = XCConfigurationList;
			buildConfigurations = (
				04273DFF20F3112500B70A81 /* Debug */,
				04273E0020F3112500B70A81 /* Release */,
			);
			defaultConfigurationIsVisible = 0;
			defaultConfigurationName = Release;
		};
/* End XCConfigurationList section */
	};
	rootObject = 04273DC820F3111F00B70A81 /* Project object */;
}
